version = 1
revision = 3
requires-python = ">=3.12"

[manifest]
members = [
    "bitcart-compose-generator",
]

[[package]]
name = "bitcart-compose-generator"
version = "1.0.0"
source = { virtual = "generator" }
dependencies = [
    { name = "oyaml" },
]

[package.dev-dependencies]
dev = [
    { name = "pre-commit" },
    { name = "pytest" },
    { name = "pytest-cov" },
    { name = "ruff" },
]

[package.metadata]
requires-dist = [{ name = "oyaml" }]

[package.metadata.requires-dev]
dev = [
    { name = "pre-commit" },
    { name = "pytest" },
    { name = "pytest-cov" },
    { name = "ruff" },
]

[[package]]
name = "cfgv"
version = "3.4.0"
source = { registry = "https://pypi.org/simple" }
sdist = { url = "https://files.pythonhosted.org/packages/11/74/539e56497d9bd1d484fd863dd69cbbfa653cd2aa27abfe35653494d85e94/cfgv-3.4.0.tar.gz", hash = "sha256:e52591d4c5f5dead8e0f673fb16db7949d2cfb3f7da4582893288f0ded8fe560", size = 7114, upload-time = "2023-08-12T20:38:17.776Z" }
wheels = [
    { url = "https://files.pythonhosted.org/packages/c5/55/51844dd50c4fc7a33b653bfaba4c2456f06955289ca770a5dbd5fd267374/cfgv-3.4.0-py2.py3-none-any.whl", hash = "sha256:b7265b1f29fd3316bfcd2b330d63d024f2bfd8bcb8b0272f8e19a504856c48f9", size = 7249, upload-time = "2023-08-12T20:38:16.269Z" },
]

[[package]]
name = "colorama"
version = "0.4.6"
source = { registry = "https://pypi.org/simple" }
sdist = { url = "https://files.pythonhosted.org/packages/d8/53/6f443c9a4a8358a93a6792e2acffb9d9d5cb0a5cfd8802644b7b1c9a02e4/colorama-0.4.6.tar.gz", hash = "sha256:08695f5cb7ed6e0531a20572697297273c47b8cae5a63ffc6d6ed5c201be6e44", size = 27697, upload-time = "2022-10-25T02:36:22.414Z" }
wheels = [
    { url = "https://files.pythonhosted.org/packages/d1/d6/3965ed04c63042e047cb6a3e6ed1a63a35087b6a609aa3a15ed8ac56c221/colorama-0.4.6-py2.py3-none-any.whl", hash = "sha256:4f1d9991f5acc0ca119f9d443620b77f9d6b33703e51011c16baf57afb285fc6", size = 25335, upload-time = "2022-10-25T02:36:20.889Z" },
]

[[package]]
name = "coverage"
version = "7.9.2"
source = { registry = "https://pypi.org/simple" }
sdist = { url = "https://files.pythonhosted.org/packages/04/b7/c0465ca253df10a9e8dae0692a4ae6e9726d245390aaef92360e1d6d3832/coverage-7.9.2.tar.gz", hash = "sha256:997024fa51e3290264ffd7492ec97d0690293ccd2b45a6cd7d82d945a4a80c8b", size = 813556, upload-time = "2025-07-03T10:54:15.101Z" }
wheels = [
    { url = "https://files.pythonhosted.org/packages/53/d7/7deefc6fd4f0f1d4c58051f4004e366afc9e7ab60217ac393f247a1de70a/coverage-7.9.2-cp312-cp312-macosx_10_13_x86_64.whl", hash = "sha256:ae9eb07f1cfacd9cfe8eaee6f4ff4b8a289a668c39c165cd0c8548484920ffc0", size = 212344, upload-time = "2025-07-03T10:53:09.3Z" },
    { url = "https://files.pythonhosted.org/packages/95/0c/ee03c95d32be4d519e6a02e601267769ce2e9a91fc8faa1b540e3626c680/coverage-7.9.2-cp312-cp312-macosx_11_0_arm64.whl", hash = "sha256:9ce85551f9a1119f02adc46d3014b5ee3f765deac166acf20dbb851ceb79b6f3", size = 212580, upload-time = "2025-07-03T10:53:11.52Z" },
    { url = "https://files.pythonhosted.org/packages/8b/9f/826fa4b544b27620086211b87a52ca67592622e1f3af9e0a62c87aea153a/coverage-7.9.2-cp312-cp312-manylinux_2_17_aarch64.manylinux2014_aarch64.whl", hash = "sha256:f8f6389ac977c5fb322e0e38885fbbf901743f79d47f50db706e7644dcdcb6e1", size = 246383, upload-time = "2025-07-03T10:53:13.134Z" },
    { url = "https://files.pythonhosted.org/packages/7f/b3/4477aafe2a546427b58b9c540665feff874f4db651f4d3cb21b308b3a6d2/coverage-7.9.2-cp312-cp312-manylinux_2_5_i686.manylinux1_i686.manylinux_2_17_i686.manylinux2014_i686.whl", hash = "sha256:ff0d9eae8cdfcd58fe7893b88993723583a6ce4dfbfd9f29e001922544f95615", size = 243400, upload-time = "2025-07-03T10:53:14.614Z" },
    { url = "https://files.pythonhosted.org/packages/f8/c2/efffa43778490c226d9d434827702f2dfbc8041d79101a795f11cbb2cf1e/coverage-7.9.2-cp312-cp312-manylinux_2_5_x86_64.manylinux1_x86_64.manylinux_2_17_x86_64.manylinux2014_x86_64.whl", hash = "sha256:fae939811e14e53ed8a9818dad51d434a41ee09df9305663735f2e2d2d7d959b", size = 245591, upload-time = "2025-07-03T10:53:15.872Z" },
    { url = "https://files.pythonhosted.org/packages/c6/e7/a59888e882c9a5f0192d8627a30ae57910d5d449c80229b55e7643c078c4/coverage-7.9.2-cp312-cp312-musllinux_1_2_aarch64.whl", hash = "sha256:31991156251ec202c798501e0a42bbdf2169dcb0f137b1f5c0f4267f3fc68ef9", size = 245402, upload-time = "2025-07-03T10:53:17.124Z" },
    { url = "https://files.pythonhosted.org/packages/92/a5/72fcd653ae3d214927edc100ce67440ed8a0a1e3576b8d5e6d066ed239db/coverage-7.9.2-cp312-cp312-musllinux_1_2_i686.whl", hash = "sha256:d0d67963f9cbfc7c7f96d4ac74ed60ecbebd2ea6eeb51887af0f8dce205e545f", size = 243583, upload-time = "2025-07-03T10:53:18.781Z" },
    { url = "https://files.pythonhosted.org/packages/5c/f5/84e70e4df28f4a131d580d7d510aa1ffd95037293da66fd20d446090a13b/coverage-7.9.2-cp312-cp312-musllinux_1_2_x86_64.whl", hash = "sha256:49b752a2858b10580969ec6af6f090a9a440a64a301ac1528d7ca5f7ed497f4d", size = 244815, upload-time = "2025-07-03T10:53:20.168Z" },
    { url = "https://files.pythonhosted.org/packages/39/e7/d73d7cbdbd09fdcf4642655ae843ad403d9cbda55d725721965f3580a314/coverage-7.9.2-cp312-cp312-win32.whl", hash = "sha256:88d7598b8ee130f32f8a43198ee02edd16d7f77692fa056cb779616bbea1b355", size = 214719, upload-time = "2025-07-03T10:53:21.521Z" },
    { url = "https://files.pythonhosted.org/packages/9f/d6/7486dcc3474e2e6ad26a2af2db7e7c162ccd889c4c68fa14ea8ec189c9e9/coverage-7.9.2-cp312-cp312-win_amd64.whl", hash = "sha256:9dfb070f830739ee49d7c83e4941cc767e503e4394fdecb3b54bfdac1d7662c0", size = 215509, upload-time = "2025-07-03T10:53:22.853Z" },
    { url = "https://files.pythonhosted.org/packages/b7/34/0439f1ae2593b0346164d907cdf96a529b40b7721a45fdcf8b03c95fcd90/coverage-7.9.2-cp312-cp312-win_arm64.whl", hash = "sha256:4e2c058aef613e79df00e86b6d42a641c877211384ce5bd07585ed7ba71ab31b", size = 213910, upload-time = "2025-07-03T10:53:24.472Z" },
    { url = "https://files.pythonhosted.org/packages/94/9d/7a8edf7acbcaa5e5c489a646226bed9591ee1c5e6a84733c0140e9ce1ae1/coverage-7.9.2-cp313-cp313-macosx_10_13_x86_64.whl", hash = "sha256:985abe7f242e0d7bba228ab01070fde1d6c8fa12f142e43debe9ed1dde686038", size = 212367, upload-time = "2025-07-03T10:53:25.811Z" },
    { url = "https://files.pythonhosted.org/packages/e8/9e/5cd6f130150712301f7e40fb5865c1bc27b97689ec57297e568d972eec3c/coverage-7.9.2-cp313-cp313-macosx_11_0_arm64.whl", hash = "sha256:82c3939264a76d44fde7f213924021ed31f55ef28111a19649fec90c0f109e6d", size = 212632, upload-time = "2025-07-03T10:53:27.075Z" },
    { url = "https://files.pythonhosted.org/packages/a8/de/6287a2c2036f9fd991c61cefa8c64e57390e30c894ad3aa52fac4c1e14a8/coverage-7.9.2-cp313-cp313-manylinux_2_17_aarch64.manylinux2014_aarch64.whl", hash = "sha256:ae5d563e970dbe04382f736ec214ef48103d1b875967c89d83c6e3f21706d5b3", size = 245793, upload-time = "2025-07-03T10:53:28.408Z" },
    { url = "https://files.pythonhosted.org/packages/06/cc/9b5a9961d8160e3cb0b558c71f8051fe08aa2dd4b502ee937225da564ed1/coverage-7.9.2-cp313-cp313-manylinux_2_5_i686.manylinux1_i686.manylinux_2_17_i686.manylinux2014_i686.whl", hash = "sha256:bdd612e59baed2a93c8843c9a7cb902260f181370f1d772f4842987535071d14", size = 243006, upload-time = "2025-07-03T10:53:29.754Z" },
    { url = "https://files.pythonhosted.org/packages/49/d9/4616b787d9f597d6443f5588619c1c9f659e1f5fc9eebf63699eb6d34b78/coverage-7.9.2-cp313-cp313-manylinux_2_5_x86_64.manylinux1_x86_64.manylinux_2_17_x86_64.manylinux2014_x86_64.whl", hash = "sha256:256ea87cb2a1ed992bcdfc349d8042dcea1b80436f4ddf6e246d6bee4b5d73b6", size = 244990, upload-time = "2025-07-03T10:53:31.098Z" },
    { url = "https://files.pythonhosted.org/packages/48/83/801cdc10f137b2d02b005a761661649ffa60eb173dcdaeb77f571e4dc192/coverage-7.9.2-cp313-cp313-musllinux_1_2_aarch64.whl", hash = "sha256:f44ae036b63c8ea432f610534a2668b0c3aee810e7037ab9d8ff6883de480f5b", size = 245157, upload-time = "2025-07-03T10:53:32.717Z" },
    { url = "https://files.pythonhosted.org/packages/c8/a4/41911ed7e9d3ceb0ffb019e7635468df7499f5cc3edca5f7dfc078e9c5ec/coverage-7.9.2-cp313-cp313-musllinux_1_2_i686.whl", hash = "sha256:82d76ad87c932935417a19b10cfe7abb15fd3f923cfe47dbdaa74ef4e503752d", size = 243128, upload-time = "2025-07-03T10:53:34.009Z" },
    { url = "https://files.pythonhosted.org/packages/10/41/344543b71d31ac9cb00a664d5d0c9ef134a0fe87cb7d8430003b20fa0b7d/coverage-7.9.2-cp313-cp313-musllinux_1_2_x86_64.whl", hash = "sha256:619317bb86de4193debc712b9e59d5cffd91dc1d178627ab2a77b9870deb2868", size = 244511, upload-time = "2025-07-03T10:53:35.434Z" },
    { url = "https://files.pythonhosted.org/packages/d5/81/3b68c77e4812105e2a060f6946ba9e6f898ddcdc0d2bfc8b4b152a9ae522/coverage-7.9.2-cp313-cp313-win32.whl", hash = "sha256:0a07757de9feb1dfafd16ab651e0f628fd7ce551604d1bf23e47e1ddca93f08a", size = 214765, upload-time = "2025-07-03T10:53:36.787Z" },
    { url = "https://files.pythonhosted.org/packages/06/a2/7fac400f6a346bb1a4004eb2a76fbff0e242cd48926a2ce37a22a6a1d917/coverage-7.9.2-cp313-cp313-win_amd64.whl", hash = "sha256:115db3d1f4d3f35f5bb021e270edd85011934ff97c8797216b62f461dd69374b", size = 215536, upload-time = "2025-07-03T10:53:38.188Z" },
    { url = "https://files.pythonhosted.org/packages/08/47/2c6c215452b4f90d87017e61ea0fd9e0486bb734cb515e3de56e2c32075f/coverage-7.9.2-cp313-cp313-win_arm64.whl", hash = "sha256:48f82f889c80af8b2a7bb6e158d95a3fbec6a3453a1004d04e4f3b5945a02694", size = 213943, upload-time = "2025-07-03T10:53:39.492Z" },
    { url = "https://files.pythonhosted.org/packages/a3/46/e211e942b22d6af5e0f323faa8a9bc7c447a1cf1923b64c47523f36ed488/coverage-7.9.2-cp313-cp313t-macosx_10_13_x86_64.whl", hash = "sha256:55a28954545f9d2f96870b40f6c3386a59ba8ed50caf2d949676dac3ecab99f5", size = 213088, upload-time = "2025-07-03T10:53:40.874Z" },
    { url = "https://files.pythonhosted.org/packages/d2/2f/762551f97e124442eccd907bf8b0de54348635b8866a73567eb4e6417acf/coverage-7.9.2-cp313-cp313t-macosx_11_0_arm64.whl", hash = "sha256:cdef6504637731a63c133bb2e6f0f0214e2748495ec15fe42d1e219d1b133f0b", size = 213298, upload-time = "2025-07-03T10:53:42.218Z" },
    { url = "https://files.pythonhosted.org/packages/7a/b7/76d2d132b7baf7360ed69be0bcab968f151fa31abe6d067f0384439d9edb/coverage-7.9.2-cp313-cp313t-manylinux_2_17_aarch64.manylinux2014_aarch64.whl", hash = "sha256:bcd5ebe66c7a97273d5d2ddd4ad0ed2e706b39630ed4b53e713d360626c3dbb3", size = 256541, upload-time = "2025-07-03T10:53:43.823Z" },
    { url = "https://files.pythonhosted.org/packages/a0/17/392b219837d7ad47d8e5974ce5f8dc3deb9f99a53b3bd4d123602f960c81/coverage-7.9.2-cp313-cp313t-manylinux_2_5_i686.manylinux1_i686.manylinux_2_17_i686.manylinux2014_i686.whl", hash = "sha256:9303aed20872d7a3c9cb39c5d2b9bdbe44e3a9a1aecb52920f7e7495410dfab8", size = 252761, upload-time = "2025-07-03T10:53:45.19Z" },
    { url = "https://files.pythonhosted.org/packages/d5/77/4256d3577fe1b0daa8d3836a1ebe68eaa07dd2cbaf20cf5ab1115d6949d4/coverage-7.9.2-cp313-cp313t-manylinux_2_5_x86_64.manylinux1_x86_64.manylinux_2_17_x86_64.manylinux2014_x86_64.whl", hash = "sha256:bc18ea9e417a04d1920a9a76fe9ebd2f43ca505b81994598482f938d5c315f46", size = 254917, upload-time = "2025-07-03T10:53:46.931Z" },
    { url = "https://files.pythonhosted.org/packages/53/99/fc1a008eef1805e1ddb123cf17af864743354479ea5129a8f838c433cc2c/coverage-7.9.2-cp313-cp313t-musllinux_1_2_aarch64.whl", hash = "sha256:6406cff19880aaaadc932152242523e892faff224da29e241ce2fca329866584", size = 256147, upload-time = "2025-07-03T10:53:48.289Z" },
    { url = "https://files.pythonhosted.org/packages/92/c0/f63bf667e18b7f88c2bdb3160870e277c4874ced87e21426128d70aa741f/coverage-7.9.2-cp313-cp313t-musllinux_1_2_i686.whl", hash = "sha256:2d0d4f6ecdf37fcc19c88fec3e2277d5dee740fb51ffdd69b9579b8c31e4232e", size = 254261, upload-time = "2025-07-03T10:53:49.99Z" },
    { url = "https://files.pythonhosted.org/packages/8c/32/37dd1c42ce3016ff8ec9e4b607650d2e34845c0585d3518b2a93b4830c1a/coverage-7.9.2-cp313-cp313t-musllinux_1_2_x86_64.whl", hash = "sha256:c33624f50cf8de418ab2b4d6ca9eda96dc45b2c4231336bac91454520e8d1fac", size = 255099, upload-time = "2025-07-03T10:53:51.354Z" },
    { url = "https://files.pythonhosted.org/packages/da/2e/af6b86f7c95441ce82f035b3affe1cd147f727bbd92f563be35e2d585683/coverage-7.9.2-cp313-cp313t-win32.whl", hash = "sha256:1df6b76e737c6a92210eebcb2390af59a141f9e9430210595251fbaf02d46926", size = 215440, upload-time = "2025-07-03T10:53:52.808Z" },
    { url = "https://files.pythonhosted.org/packages/4d/bb/8a785d91b308867f6b2e36e41c569b367c00b70c17f54b13ac29bcd2d8c8/coverage-7.9.2-cp313-cp313t-win_amd64.whl", hash = "sha256:f5fd54310b92741ebe00d9c0d1d7b2b27463952c022da6d47c175d246a98d1bd", size = 216537, upload-time = "2025-07-03T10:53:54.273Z" },
    { url = "https://files.pythonhosted.org/packages/1d/a0/a6bffb5e0f41a47279fd45a8f3155bf193f77990ae1c30f9c224b61cacb0/coverage-7.9.2-cp313-cp313t-win_arm64.whl", hash = "sha256:c48c2375287108c887ee87d13b4070a381c6537d30e8487b24ec721bf2a781cb", size = 214398, upload-time = "2025-07-03T10:53:56.715Z" },
    { url = "https://files.pythonhosted.org/packages/3c/38/bbe2e63902847cf79036ecc75550d0698af31c91c7575352eb25190d0fb3/coverage-7.9.2-py3-none-any.whl", hash = "sha256:e425cd5b00f6fc0ed7cdbd766c70be8baab4b7839e4d4fe5fac48581dd968ea4", size = 204005, upload-time = "2025-07-03T10:54:13.491Z" },
]

[[package]]
name = "distlib"
version = "0.3.9"
source = { registry = "https://pypi.org/simple" }
sdist = { url = "https://files.pythonhosted.org/packages/0d/dd/1bec4c5ddb504ca60fc29472f3d27e8d4da1257a854e1d96742f15c1d02d/distlib-0.3.9.tar.gz", hash = "sha256:a60f20dea646b8a33f3e7772f74dc0b2d0772d2837ee1342a00645c81edf9403", size = 613923, upload-time = "2024-10-09T18:35:47.551Z" }
wheels = [
    { url = "https://files.pythonhosted.org/packages/91/a1/cf2472db20f7ce4a6be1253a81cfdf85ad9c7885ffbed7047fb72c24cf87/distlib-0.3.9-py2.py3-none-any.whl", hash = "sha256:47f8c22fd27c27e25a65601af709b38e4f0a45ea4fc2e710f65755fa8caaaf87", size = 468973, upload-time = "2024-10-09T18:35:44.272Z" },
]

[[package]]
name = "filelock"
version = "3.18.0"
source = { registry = "https://pypi.org/simple" }
sdist = { url = "https://files.pythonhosted.org/packages/0a/10/c23352565a6544bdc5353e0b15fc1c563352101f30e24bf500207a54df9a/filelock-3.18.0.tar.gz", hash = "sha256:adbc88eabb99d2fec8c9c1b229b171f18afa655400173ddc653d5d01501fb9f2", size = 18075, upload-time = "2025-03-14T07:11:40.47Z" }
wheels = [
    { url = "https://files.pythonhosted.org/packages/4d/36/2a115987e2d8c300a974597416d9de88f2444426de9571f4b59b2cca3acc/filelock-3.18.0-py3-none-any.whl", hash = "sha256:c401f4f8377c4464e6db25fff06205fd89bdd83b65eb0488ed1b160f780e21de", size = 16215, upload-time = "2025-03-14T07:11:39.145Z" },
]

[[package]]
name = "identify"
version = "2.6.12"
source = { registry = "https://pypi.org/simple" }
sdist = { url = "https://files.pythonhosted.org/packages/a2/88/d193a27416618628a5eea64e3223acd800b40749a96ffb322a9b55a49ed1/identify-2.6.12.tar.gz", hash = "sha256:d8de45749f1efb108badef65ee8386f0f7bb19a7f26185f74de6367bffbaf0e6", size = 99254, upload-time = "2025-05-23T20:37:53.3Z" }
wheels = [
    { url = "https://files.pythonhosted.org/packages/7a/cd/18f8da995b658420625f7ef13f037be53ae04ec5ad33f9b718240dcfd48c/identify-2.6.12-py2.py3-none-any.whl", hash = "sha256:ad9672d5a72e0d2ff7c5c8809b62dfa60458626352fb0eb7b55e69bdc45334a2", size = 99145, upload-time = "2025-05-23T20:37:51.495Z" },
]

[[package]]
name = "iniconfig"
version = "2.1.0"
source = { registry = "https://pypi.org/simple" }
sdist = { url = "https://files.pythonhosted.org/packages/f2/97/ebf4da567aa6827c909642694d71c9fcf53e5b504f2d96afea02718862f3/iniconfig-2.1.0.tar.gz", hash = "sha256:3abbd2e30b36733fee78f9c7f7308f2d0050e88f0087fd25c2645f63c773e1c7", size = 4793, upload-time = "2025-03-19T20:09:59.721Z" }
wheels = [
    { url = "https://files.pythonhosted.org/packages/2c/e1/e6716421ea10d38022b952c159d5161ca1193197fb744506875fbb87ea7b/iniconfig-2.1.0-py3-none-any.whl", hash = "sha256:9deba5723312380e77435581c6bf4935c94cbfab9b1ed33ef8d238ea168eb760", size = 6050, upload-time = "2025-03-19T20:10:01.071Z" },
]

[[package]]
name = "nodeenv"
version = "1.9.1"
source = { registry = "https://pypi.org/simple" }
sdist = { url = "https://files.pythonhosted.org/packages/43/16/fc88b08840de0e0a72a2f9d8c6bae36be573e475a6326ae854bcc549fc45/nodeenv-1.9.1.tar.gz", hash = "sha256:6ec12890a2dab7946721edbfbcd91f3319c6ccc9aec47be7c7e6b7011ee6645f", size = 47437, upload-time = "2024-06-04T18:44:11.171Z" }
wheels = [
    { url = "https://files.pythonhosted.org/packages/d2/1d/1b658dbd2b9fa9c4c9f32accbfc0205d532c8c6194dc0f2a4c0428e7128a/nodeenv-1.9.1-py2.py3-none-any.whl", hash = "sha256:ba11c9782d29c27c70ffbdda2d7415098754709be8a7056d79a737cd901155c9", size = 22314, upload-time = "2024-06-04T18:44:08.352Z" },
]

[[package]]
name = "oyaml"
version = "1.0"
source = { registry = "https://pypi.org/simple" }
dependencies = [
    { name = "pyyaml" },
]
sdist = { url = "https://files.pythonhosted.org/packages/00/71/c721b9a524f6fe6f73469c90ec44784f0b2b1b23c438da7cc7daac1ede76/oyaml-1.0.tar.gz", hash = "sha256:ed8fc096811f4763e1907dce29c35895d6d5936c4d0400fe843a91133d4744ed", size = 2914, upload-time = "2020-08-18T04:37:43.397Z" }
wheels = [
    { url = "https://files.pythonhosted.org/packages/37/aa/111610d8bf5b1bb7a295a048fc648cec346347a8b0be5881defd2d1b4a52/oyaml-1.0-py2.py3-none-any.whl", hash = "sha256:3a378747b7fb2425533d1ce41962d6921cda075d46bb480a158d45242d156323", size = 2992, upload-time = "2020-08-18T04:37:38.263Z" },
]

[[package]]
name = "packaging"
version = "25.0"
source = { registry = "https://pypi.org/simple" }
sdist = { url = "https://files.pythonhosted.org/packages/a1/d4/1fc4078c65507b51b96ca8f8c3ba19e6a61c8253c72794544580a7b6c24d/packaging-25.0.tar.gz", hash = "sha256:d443872c98d677bf60f6a1f2f8c1cb748e8fe762d2bf9d3148b5599295b0fc4f", size = 165727, upload-time = "2025-04-19T11:48:59.673Z" }
wheels = [
    { url = "https://files.pythonhosted.org/packages/20/12/38679034af332785aac8774540895e234f4d07f7545804097de4b666afd8/packaging-25.0-py3-none-any.whl", hash = "sha256:29572ef2b1f17581046b3a2227d5c611fb25ec70ca1ba8554b24b0e69331a484", size = 66469, upload-time = "2025-04-19T11:48:57.875Z" },
]

[[package]]
name = "platformdirs"
version = "4.3.8"
source = { registry = "https://pypi.org/simple" }
sdist = { url = "https://files.pythonhosted.org/packages/fe/8b/3c73abc9c759ecd3f1f7ceff6685840859e8070c4d947c93fae71f6a0bf2/platformdirs-4.3.8.tar.gz", hash = "sha256:3d512d96e16bcb959a814c9f348431070822a6496326a4be0911c40b5a74c2bc", size = 21362, upload-time = "2025-05-07T22:47:42.121Z" }
wheels = [
    { url = "https://files.pythonhosted.org/packages/fe/39/979e8e21520d4e47a0bbe349e2713c0aac6f3d853d0e5b34d76206c439aa/platformdirs-4.3.8-py3-none-any.whl", hash = "sha256:ff7059bb7eb1179e2685604f4aaf157cfd9535242bd23742eadc3c13542139b4", size = 18567, upload-time = "2025-05-07T22:47:40.376Z" },
]

[[package]]
name = "pluggy"
version = "1.6.0"
source = { registry = "https://pypi.org/simple" }
sdist = { url = "https://files.pythonhosted.org/packages/f9/e2/3e91f31a7d2b083fe6ef3fa267035b518369d9511ffab804f839851d2779/pluggy-1.6.0.tar.gz", hash = "sha256:7dcc130b76258d33b90f61b658791dede3486c3e6bfb003ee5c9bfb396dd22f3", size = 69412, upload-time = "2025-05-15T12:30:07.975Z" }
wheels = [
    { url = "https://files.pythonhosted.org/packages/54/20/4d324d65cc6d9205fabedc306948156824eb9f0ee1633355a8f7ec5c66bf/pluggy-1.6.0-py3-none-any.whl", hash = "sha256:e920276dd6813095e9377c0bc5566d94c932c33b27a3e3945d8389c374dd4746", size = 20538, upload-time = "2025-05-15T12:30:06.134Z" },
]

[[package]]
name = "pre-commit"
version = "4.2.0"
source = { registry = "https://pypi.org/simple" }
dependencies = [
    { name = "cfgv" },
    { name = "identify" },
    { name = "nodeenv" },
    { name = "pyyaml" },
    { name = "virtualenv" },
]
sdist = { url = "https://files.pythonhosted.org/packages/08/39/679ca9b26c7bb2999ff122d50faa301e49af82ca9c066ec061cfbc0c6784/pre_commit-4.2.0.tar.gz", hash = "sha256:601283b9757afd87d40c4c4a9b2b5de9637a8ea02eaff7adc2d0fb4e04841146", size = 193424, upload-time = "2025-03-18T21:35:20.987Z" }
wheels = [
    { url = "https://files.pythonhosted.org/packages/88/74/a88bf1b1efeae488a0c0b7bdf71429c313722d1fc0f377537fbe554e6180/pre_commit-4.2.0-py2.py3-none-any.whl", hash = "sha256:a009ca7205f1eb497d10b845e52c838a98b6cdd2102a6c8e4540e94ee75c58bd", size = 220707, upload-time = "2025-03-18T21:35:19.343Z" },
]

[[package]]
name = "pygments"
version = "2.19.2"
source = { registry = "https://pypi.org/simple" }
sdist = { url = "https://files.pythonhosted.org/packages/b0/77/a5b8c569bf593b0140bde72ea885a803b82086995367bf2037de0159d924/pygments-2.19.2.tar.gz", hash = "sha256:636cb2477cec7f8952536970bc533bc43743542f70392ae026374600add5b887", size = 4968631, upload-time = "2025-06-21T13:39:12.283Z" }
wheels = [
    { url = "https://files.pythonhosted.org/packages/c7/21/705964c7812476f378728bdf590ca4b771ec72385c533964653c68e86bdc/pygments-2.19.2-py3-none-any.whl", hash = "sha256:86540386c03d588bb81d44bc3928634ff26449851e99741617ecb9037ee5ec0b", size = 1225217, upload-time = "2025-06-21T13:39:07.939Z" },
]

[[package]]
name = "pytest"
version = "8.4.1"
source = { registry = "https://pypi.org/simple" }
dependencies = [
    { name = "colorama", marker = "sys_platform == 'win32'" },
    { name = "iniconfig" },
    { name = "packaging" },
    { name = "pluggy" },
    { name = "pygments" },
]
sdist = { url = "https://files.pythonhosted.org/packages/08/ba/45911d754e8eba3d5a841a5ce61a65a685ff1798421ac054f85aa8747dfb/pytest-8.4.1.tar.gz", hash = "sha256:7c67fd69174877359ed9371ec3af8a3d2b04741818c51e5e99cc1742251fa93c", size = 1517714, upload-time = "2025-06-18T05:48:06.109Z" }
wheels = [
    { url = "https://files.pythonhosted.org/packages/29/16/c8a903f4c4dffe7a12843191437d7cd8e32751d5de349d45d3fe69544e87/pytest-8.4.1-py3-none-any.whl", hash = "sha256:539c70ba6fcead8e78eebbf1115e8b589e7565830d7d006a8723f19ac8a0afb7", size = 365474, upload-time = "2025-06-18T05:48:03.955Z" },
]

[[package]]
name = "pytest-cov"
version = "6.2.1"
source = { registry = "https://pypi.org/simple" }
dependencies = [
    { name = "coverage" },
    { name = "pluggy" },
    { name = "pytest" },
]
sdist = { url = "https://files.pythonhosted.org/packages/18/99/668cade231f434aaa59bbfbf49469068d2ddd945000621d3d165d2e7dd7b/pytest_cov-6.2.1.tar.gz", hash = "sha256:25cc6cc0a5358204b8108ecedc51a9b57b34cc6b8c967cc2c01a4e00d8a67da2", size = 69432, upload-time = "2025-06-12T10:47:47.684Z" }
wheels = [
    { url = "https://files.pythonhosted.org/packages/bc/16/4ea354101abb1287856baa4af2732be351c7bee728065aed451b678153fd/pytest_cov-6.2.1-py3-none-any.whl", hash = "sha256:f5bc4c23f42f1cdd23c70b1dab1bbaef4fc505ba950d53e0081d0730dd7e86d5", size = 24644, upload-time = "2025-06-12T10:47:45.932Z" },
]

[[package]]
name = "pyyaml"
version = "6.0.2"
source = { registry = "https://pypi.org/simple" }
sdist = { url = "https://files.pythonhosted.org/packages/54/ed/79a089b6be93607fa5cdaedf301d7dfb23af5f25c398d5ead2525b063e17/pyyaml-6.0.2.tar.gz", hash = "sha256:d584d9ec91ad65861cc08d42e834324ef890a082e591037abe114850ff7bbc3e", size = 130631, upload-time = "2024-08-06T20:33:50.674Z" }
wheels = [
    { url = "https://files.pythonhosted.org/packages/86/0c/c581167fc46d6d6d7ddcfb8c843a4de25bdd27e4466938109ca68492292c/PyYAML-6.0.2-cp312-cp312-macosx_10_9_x86_64.whl", hash = "sha256:c70c95198c015b85feafc136515252a261a84561b7b1d51e3384e0655ddf25ab", size = 183873, upload-time = "2024-08-06T20:32:25.131Z" },
    { url = "https://files.pythonhosted.org/packages/a8/0c/38374f5bb272c051e2a69281d71cba6fdb983413e6758b84482905e29a5d/PyYAML-6.0.2-cp312-cp312-macosx_11_0_arm64.whl", hash = "sha256:ce826d6ef20b1bc864f0a68340c8b3287705cae2f8b4b1d932177dcc76721725", size = 173302, upload-time = "2024-08-06T20:32:26.511Z" },
    { url = "https://files.pythonhosted.org/packages/c3/93/9916574aa8c00aa06bbac729972eb1071d002b8e158bd0e83a3b9a20a1f7/PyYAML-6.0.2-cp312-cp312-manylinux_2_17_aarch64.manylinux2014_aarch64.whl", hash = "sha256:1f71ea527786de97d1a0cc0eacd1defc0985dcf6b3f17bb77dcfc8c34bec4dc5", size = 739154, upload-time = "2024-08-06T20:32:28.363Z" },
    { url = "https://files.pythonhosted.org/packages/95/0f/b8938f1cbd09739c6da569d172531567dbcc9789e0029aa070856f123984/PyYAML-6.0.2-cp312-cp312-manylinux_2_17_s390x.manylinux2014_s390x.whl", hash = "sha256:9b22676e8097e9e22e36d6b7bda33190d0d400f345f23d4065d48f4ca7ae0425", size = 766223, upload-time = "2024-08-06T20:32:30.058Z" },
    { url = "https://files.pythonhosted.org/packages/b9/2b/614b4752f2e127db5cc206abc23a8c19678e92b23c3db30fc86ab731d3bd/PyYAML-6.0.2-cp312-cp312-manylinux_2_17_x86_64.manylinux2014_x86_64.whl", hash = "sha256:80bab7bfc629882493af4aa31a4cfa43a4c57c83813253626916b8c7ada83476", size = 767542, upload-time = "2024-08-06T20:32:31.881Z" },
    { url = "https://files.pythonhosted.org/packages/d4/00/dd137d5bcc7efea1836d6264f049359861cf548469d18da90cd8216cf05f/PyYAML-6.0.2-cp312-cp312-musllinux_1_1_aarch64.whl", hash = "sha256:0833f8694549e586547b576dcfaba4a6b55b9e96098b36cdc7ebefe667dfed48", size = 731164, upload-time = "2024-08-06T20:32:37.083Z" },
    { url = "https://files.pythonhosted.org/packages/c9/1f/4f998c900485e5c0ef43838363ba4a9723ac0ad73a9dc42068b12aaba4e4/PyYAML-6.0.2-cp312-cp312-musllinux_1_1_x86_64.whl", hash = "sha256:8b9c7197f7cb2738065c481a0461e50ad02f18c78cd75775628afb4d7137fb3b", size = 756611, upload-time = "2024-08-06T20:32:38.898Z" },
    { url = "https://files.pythonhosted.org/packages/df/d1/f5a275fdb252768b7a11ec63585bc38d0e87c9e05668a139fea92b80634c/PyYAML-6.0.2-cp312-cp312-win32.whl", hash = "sha256:ef6107725bd54b262d6dedcc2af448a266975032bc85ef0172c5f059da6325b4", size = 140591, upload-time = "2024-08-06T20:32:40.241Z" },
    { url = "https://files.pythonhosted.org/packages/0c/e8/4f648c598b17c3d06e8753d7d13d57542b30d56e6c2dedf9c331ae56312e/PyYAML-6.0.2-cp312-cp312-win_amd64.whl", hash = "sha256:7e7401d0de89a9a855c839bc697c079a4af81cf878373abd7dc625847d25cbd8", size = 156338, upload-time = "2024-08-06T20:32:41.93Z" },
    { url = "https://files.pythonhosted.org/packages/ef/e3/3af305b830494fa85d95f6d95ef7fa73f2ee1cc8ef5b495c7c3269fb835f/PyYAML-6.0.2-cp313-cp313-macosx_10_13_x86_64.whl", hash = "sha256:efdca5630322a10774e8e98e1af481aad470dd62c3170801852d752aa7a783ba", size = 181309, upload-time = "2024-08-06T20:32:43.4Z" },
    { url = "https://files.pythonhosted.org/packages/45/9f/3b1c20a0b7a3200524eb0076cc027a970d320bd3a6592873c85c92a08731/PyYAML-6.0.2-cp313-cp313-macosx_11_0_arm64.whl", hash = "sha256:50187695423ffe49e2deacb8cd10510bc361faac997de9efef88badc3bb9e2d1", size = 171679, upload-time = "2024-08-06T20:32:44.801Z" },
    { url = "https://files.pythonhosted.org/packages/7c/9a/337322f27005c33bcb656c655fa78325b730324c78620e8328ae28b64d0c/PyYAML-6.0.2-cp313-cp313-manylinux_2_17_aarch64.manylinux2014_aarch64.whl", hash = "sha256:0ffe8360bab4910ef1b9e87fb812d8bc0a308b0d0eef8c8f44e0254ab3b07133", size = 733428, upload-time = "2024-08-06T20:32:46.432Z" },
    { url = "https://files.pythonhosted.org/packages/a3/69/864fbe19e6c18ea3cc196cbe5d392175b4cf3d5d0ac1403ec3f2d237ebb5/PyYAML-6.0.2-cp313-cp313-manylinux_2_17_s390x.manylinux2014_s390x.whl", hash = "sha256:17e311b6c678207928d649faa7cb0d7b4c26a0ba73d41e99c4fff6b6c3276484", size = 763361, upload-time = "2024-08-06T20:32:51.188Z" },
    { url = "https://files.pythonhosted.org/packages/04/24/b7721e4845c2f162d26f50521b825fb061bc0a5afcf9a386840f23ea19fa/PyYAML-6.0.2-cp313-cp313-manylinux_2_17_x86_64.manylinux2014_x86_64.whl", hash = "sha256:70b189594dbe54f75ab3a1acec5f1e3faa7e8cf2f1e08d9b561cb41b845f69d5", size = 759523, upload-time = "2024-08-06T20:32:53.019Z" },
    { url = "https://files.pythonhosted.org/packages/2b/b2/e3234f59ba06559c6ff63c4e10baea10e5e7df868092bf9ab40e5b9c56b6/PyYAML-6.0.2-cp313-cp313-musllinux_1_1_aarch64.whl", hash = "sha256:41e4e3953a79407c794916fa277a82531dd93aad34e29c2a514c2c0c5fe971cc", size = 726660, upload-time = "2024-08-06T20:32:54.708Z" },
    { url = "https://files.pythonhosted.org/packages/fe/0f/25911a9f080464c59fab9027482f822b86bf0608957a5fcc6eaac85aa515/PyYAML-6.0.2-cp313-cp313-musllinux_1_1_x86_64.whl", hash = "sha256:68ccc6023a3400877818152ad9a1033e3db8625d899c72eacb5a668902e4d652", size = 751597, upload-time = "2024-08-06T20:32:56.985Z" },
    { url = "https://files.pythonhosted.org/packages/14/0d/e2c3b43bbce3cf6bd97c840b46088a3031085179e596d4929729d8d68270/PyYAML-6.0.2-cp313-cp313-win32.whl", hash = "sha256:bc2fa7c6b47d6bc618dd7fb02ef6fdedb1090ec036abab80d4681424b84c1183", size = 140527, upload-time = "2024-08-06T20:33:03.001Z" },
    { url = "https://files.pythonhosted.org/packages/fa/de/02b54f42487e3d3c6efb3f89428677074ca7bf43aae402517bc7cca949f3/PyYAML-6.0.2-cp313-cp313-win_amd64.whl", hash = "sha256:8388ee1976c416731879ac16da0aff3f63b286ffdd57cdeb95f3f2e085687563", size = 156446, upload-time = "2024-08-06T20:33:04.33Z" },
]

[[package]]
name = "ruff"
version = "0.12.2"
source = { registry = "https://pypi.org/simple" }
sdist = { url = "https://files.pythonhosted.org/packages/6c/3d/d9a195676f25d00dbfcf3cf95fdd4c685c497fcfa7e862a44ac5e4e96480/ruff-0.12.2.tar.gz", hash = "sha256:d7b4f55cd6f325cb7621244f19c873c565a08aff5a4ba9c69aa7355f3f7afd3e", size = 4432239, upload-time = "2025-07-03T16:40:19.566Z" }
wheels = [
    { url = "https://files.pythonhosted.org/packages/74/b6/2098d0126d2d3318fd5bec3ad40d06c25d377d95749f7a0c5af17129b3b1/ruff-0.12.2-py3-none-linux_armv6l.whl", hash = "sha256:093ea2b221df1d2b8e7ad92fc6ffdca40a2cb10d8564477a987b44fd4008a7be", size = 10369761, upload-time = "2025-07-03T16:39:38.847Z" },
    { url = "https://files.pythonhosted.org/packages/b1/4b/5da0142033dbe155dc598cfb99262d8ee2449d76920ea92c4eeb9547c208/ruff-0.12.2-py3-none-macosx_10_12_x86_64.whl", hash = "sha256:09e4cf27cc10f96b1708100fa851e0daf21767e9709e1649175355280e0d950e", size = 11155659, upload-time = "2025-07-03T16:39:42.294Z" },
    { url = "https://files.pythonhosted.org/packages/3e/21/967b82550a503d7c5c5c127d11c935344b35e8c521f52915fc858fb3e473/ruff-0.12.2-py3-none-macosx_11_0_arm64.whl", hash = "sha256:8ae64755b22f4ff85e9c52d1f82644abd0b6b6b6deedceb74bd71f35c24044cc", size = 10537769, upload-time = "2025-07-03T16:39:44.75Z" },
    { url = "https://files.pythonhosted.org/packages/33/91/00cff7102e2ec71a4890fb7ba1803f2cdb122d82787c7d7cf8041fe8cbc1/ruff-0.12.2-py3-none-manylinux_2_17_aarch64.manylinux2014_aarch64.whl", hash = "sha256:3eb3a6b2db4d6e2c77e682f0b988d4d61aff06860158fdb413118ca133d57922", size = 10717602, upload-time = "2025-07-03T16:39:47.652Z" },
    { url = "https://files.pythonhosted.org/packages/9b/eb/928814daec4e1ba9115858adcda44a637fb9010618721937491e4e2283b8/ruff-0.12.2-py3-none-manylinux_2_17_armv7l.manylinux2014_armv7l.whl", hash = "sha256:73448de992d05517170fc37169cbca857dfeaeaa8c2b9be494d7bcb0d36c8f4b", size = 10198772, upload-time = "2025-07-03T16:39:49.641Z" },
    { url = "https://files.pythonhosted.org/packages/50/fa/f15089bc20c40f4f72334f9145dde55ab2b680e51afb3b55422effbf2fb6/ruff-0.12.2-py3-none-manylinux_2_17_i686.manylinux2014_i686.whl", hash = "sha256:3b8b94317cbc2ae4a2771af641739f933934b03555e51515e6e021c64441532d", size = 11845173, upload-time = "2025-07-03T16:39:52.069Z" },
    { url = "https://files.pythonhosted.org/packages/43/9f/1f6f98f39f2b9302acc161a4a2187b1e3a97634fe918a8e731e591841cf4/ruff-0.12.2-py3-none-manylinux_2_17_ppc64.manylinux2014_ppc64.whl", hash = "sha256:45fc42c3bf1d30d2008023a0a9a0cfb06bf9835b147f11fe0679f21ae86d34b1", size = 12553002, upload-time = "2025-07-03T16:39:54.551Z" },
    { url = "https://files.pythonhosted.org/packages/d8/70/08991ac46e38ddd231c8f4fd05ef189b1b94be8883e8c0c146a025c20a19/ruff-0.12.2-py3-none-manylinux_2_17_ppc64le.manylinux2014_ppc64le.whl", hash = "sha256:ce48f675c394c37e958bf229fb5c1e843e20945a6d962cf3ea20b7a107dcd9f4", size = 12171330, upload-time = "2025-07-03T16:39:57.55Z" },
    { url = "https://files.pythonhosted.org/packages/88/a9/5a55266fec474acfd0a1c73285f19dd22461d95a538f29bba02edd07a5d9/ruff-0.12.2-py3-none-manylinux_2_17_s390x.manylinux2014_s390x.whl", hash = "sha256:793d8859445ea47591272021a81391350205a4af65a9392401f418a95dfb75c9", size = 11774717, upload-time = "2025-07-03T16:39:59.78Z" },
    { url = "https://files.pythonhosted.org/packages/87/e5/0c270e458fc73c46c0d0f7cf970bb14786e5fdb88c87b5e423a4bd65232b/ruff-0.12.2-py3-none-manylinux_2_17_x86_64.manylinux2014_x86_64.whl", hash = "sha256:6932323db80484dda89153da3d8e58164d01d6da86857c79f1961934354992da", size = 11646659, upload-time = "2025-07-03T16:40:01.934Z" },
    { url = "https://files.pythonhosted.org/packages/b7/b6/45ab96070c9752af37f0be364d849ed70e9ccede07675b0ec4e3ef76b63b/ruff-0.12.2-py3-none-musllinux_1_2_aarch64.whl", hash = "sha256:6aa7e623a3a11538108f61e859ebf016c4f14a7e6e4eba1980190cacb57714ce", size = 10604012, upload-time = "2025-07-03T16:40:04.363Z" },
    { url = "https://files.pythonhosted.org/packages/86/91/26a6e6a424eb147cc7627eebae095cfa0b4b337a7c1c413c447c9ebb72fd/ruff-0.12.2-py3-none-musllinux_1_2_armv7l.whl", hash = "sha256:2a4a20aeed74671b2def096bdf2eac610c7d8ffcbf4fb0e627c06947a1d7078d", size = 10176799, upload-time = "2025-07-03T16:40:06.514Z" },
    { url = "https://files.pythonhosted.org/packages/f5/0c/9f344583465a61c8918a7cda604226e77b2c548daf8ef7c2bfccf2b37200/ruff-0.12.2-py3-none-musllinux_1_2_i686.whl", hash = "sha256:71a4c550195612f486c9d1f2b045a600aeba851b298c667807ae933478fcef04", size = 11241507, upload-time = "2025-07-03T16:40:08.708Z" },
    { url = "https://files.pythonhosted.org/packages/1c/b7/99c34ded8fb5f86c0280278fa89a0066c3760edc326e935ce0b1550d315d/ruff-0.12.2-py3-none-musllinux_1_2_x86_64.whl", hash = "sha256:4987b8f4ceadf597c927beee65a5eaf994c6e2b631df963f86d8ad1bdea99342", size = 11717609, upload-time = "2025-07-03T16:40:10.836Z" },
    { url = "https://files.pythonhosted.org/packages/51/de/8589fa724590faa057e5a6d171e7f2f6cffe3287406ef40e49c682c07d89/ruff-0.12.2-py3-none-win32.whl", hash = "sha256:369ffb69b70cd55b6c3fc453b9492d98aed98062db9fec828cdfd069555f5f1a", size = 10523823, upload-time = "2025-07-03T16:40:13.203Z" },
    { url = "https://files.pythonhosted.org/packages/94/47/8abf129102ae4c90cba0c2199a1a9b0fa896f6f806238d6f8c14448cc748/ruff-0.12.2-py3-none-win_amd64.whl", hash = "sha256:dca8a3b6d6dc9810ed8f328d406516bf4d660c00caeaef36eb831cf4871b0639", size = 11629831, upload-time = "2025-07-03T16:40:15.478Z" },
    { url = "https://files.pythonhosted.org/packages/e2/1f/72d2946e3cc7456bb837e88000eb3437e55f80db339c840c04015a11115d/ruff-0.12.2-py3-none-win_arm64.whl", hash = "sha256:48d6c6bfb4761df68bc05ae630e24f506755e702d4fb08f08460be778c7ccb12", size = 10735334, upload-time = "2025-07-03T16:40:17.677Z" },
]

[[package]]
name = "virtualenv"
version = "20.31.2"
source = { registry = "https://pypi.org/simple" }
dependencies = [
    { name = "distlib" },
    { name = "filelock" },
    { name = "platformdirs" },
]
sdist = { url = "https://files.pythonhosted.org/packages/56/2c/444f465fb2c65f40c3a104fd0c495184c4f2336d65baf398e3c75d72ea94/virtualenv-20.31.2.tar.gz", hash = "sha256:e10c0a9d02835e592521be48b332b6caee6887f332c111aa79a09b9e79efc2af", size = 6076316, upload-time = "2025-05-08T17:58:23.811Z" }
wheels = [
    { url = "https://files.pythonhosted.org/packages/f3/40/b1c265d4b2b62b58576588510fc4d1fe60a86319c8de99fd8e9fec617d2c/virtualenv-20.31.2-py3-none-any.whl", hash = "sha256:36efd0d9650ee985f0cad72065001e66d49a6f24eb44d98980f630686243cf11", size = 6057982, upload-time = "2025-05-08T17:58:21.15Z" },
]
